Microsoft Visual Studio Solution File, Format Version 12.00
# Visual Studio Version 17
VisualStudioVersion = 17.8.34121.235
MinimumVisualStudioVersion = 10.0.40219.1
Project("{FAE04EC0-301F-11D3-BF4B-00C04F79EFBC}") = "Aspire_Blazor.DevHost", "Aspire_Blazor.DevHost\Aspire_Blazor.DevHost.csproj", "{DADEB4CE-B47B-4436-A4F6-3E0D16CB9A16}"
EndProject
Project("{FAE04EC0-301F-11D3-BF4B-00C04F79EFBC}") = "Aspire_Blazor.Shared", "Aspire_Blazor.Shared\Aspire_Blazor.Shared.csproj", "{C8281242-8F3A-4D66-8F25-B6F00DF37726}"
EndProject
Project("{FAE04EC0-301F-11D3-BF4B-00C04F79EFBC}") = "BlazorApp1", "BlazorApp1\BlazorApp1.csproj", "{1A04D7CD-3DBD-4548-AA1A-E74F58D220F9}"
EndProject
Global
	GlobalSection(SolutionConfigurationPlatforms) = preSolution
		Debug|Any CPU = Debug|Any CPU
		Release|Any CPU = Release|Any CPU
	EndGlobalSection
	GlobalSection(ProjectConfigurationPlatforms) = postSolution
		{DADEB4CE-B47B-4436-A4F6-3E0D16CB9A16}.Debug|Any CPU.ActiveCfg = Debug|Any CPU
		{DADEB4CE-B47B-4436-A4F6-3E0D16CB9A16}.Debug|Any CPU.Build.0 = Debug|Any CPU
		{DADEB4CE-B47B-4436-A4F6-3E0D16CB9A16}.Release|Any CPU.ActiveCfg = Release|Any CPU
		{DADEB4CE-B47B-4436-A4F6-3E0D16CB9A16}.Release|Any CPU.Build.0 = Release|Any CPU
		{C8281242-8F3A-4D66-8F25-B6F00DF37726}.Debug|Any CPU.ActiveCfg = Debug|Any CPU
		{C8281242-8F3A-4D66-8F25-B6F00DF37726}.Debug|Any CPU.Build.0 = Debug|Any CPU
		{C8281242-8F3A-4D66-8F25-B6F00DF37726}.Release|Any CPU.ActiveCfg = Release|Any CPU
		{C8281242-8F3A-4D66-8F25-B6F00DF37726}.Release|Any CPU.Build.0 = Release|Any CPU
		{1A04D7CD-3DBD-4548-AA1A-E74F58D220F9}.Debug|Any CPU.ActiveCfg = Debug|Any CPU
		{1A04D7CD-3DBD-4548-AA1A-E74F58D220F9}.Debug|Any CPU.Build.0 = Debug|Any CPU
		{1A04D7CD-3DBD-4548-AA1A-E74F58D220F9}.Release|Any CPU.ActiveCfg = Release|Any CPU
		{1A04D7CD-3DBD-4548-AA1A-E74F58D220F9}.Release|Any CPU.Build.0 = Release|Any CPU
	EndGlobalSection
	GlobalSection(SolutionProperties) = preSolution
		HideSolutionNode = FALSE
	EndGlobalSection
	GlobalSection(ExtensibilityGlobals) = postSolution
		SolutionGuid = {37A03399-790A-419B-B4DA-2382AEDDE262}
	EndGlobalSection
EndGlobal
